// !$*UTF8*$!
{
	archiveVersion = 1;
	classes = {
	};
	objectVersion = 50;
	objects = {

/* Begin PBXBuildFile section */
		061CA54E2653879000524573 /* WeatherResponse.swift in Sources */ = {isa = PBXBuildFile; fileRef = 061CA54D2653879000524573 /* WeatherResponse.swift */; };
		061CA5522654DB0200524573 /* HourlyCollectionViewCell.swift in Sources */ = {isa = PBXBuildFile; fileRef = 061CA5502654DB0200524573 /* HourlyCollectionViewCell.swift */; };
		061CA5532654DB0200524573 /* HourlyCollectionViewCell.xib in Resources */ = {isa = PBXBuildFile; fileRef = 061CA5512654DB0200524573 /* HourlyCollectionViewCell.xib */; };
		06FB3C0726525B560049013C /* AppDelegate.swift in Sources */ = {isa = PBXBuildFile; fileRef = 06FB3C0626525B560049013C /* AppDelegate.swift */; };
		06FB3C0926525B560049013C /* SceneDelegate.swift in Sources */ = {isa = PBXBuildFile; fileRef = 06FB3C0826525B560049013C /* SceneDelegate.swift */; };
		06FB3C0B26525B560049013C /* ViewController.swift in Sources */ = {isa = PBXBuildFile; fileRef = 06FB3C0A26525B560049013C /* ViewController.swift */; };
		06FB3C0E26525B560049013C /* Main.storyboard in Resources */ = {isa = PBXBuildFile; fileRef = 06FB3C0C26525B560049013C /* Main.storyboard */; };
		06FB3C1026525B5E0049013C /* Assets.xcassets in Resources */ = {isa = PBXBuildFile; fileRef = 06FB3C0F26525B5E0049013C /* Assets.xcassets */; };
		06FB3C1326525B5E0049013C /* LaunchScreen.storyboard in Resources */ = {isa = PBXBuildFile; fileRef = 06FB3C1126525B5E0049013C /* LaunchScreen.storyboard */; };
		06FB3C1B2652605C0049013C /* constants.swift in Sources */ = {isa = PBXBuildFile; fileRef = 06FB3C1A2652605C0049013C /* constants.swift */; };
		06FB3C2226528B6E0049013C /* WeatherCastViewController.swift in Sources */ = {isa = PBXBuildFile; fileRef = 06FB3C2026528B6E0049013C /* WeatherCastViewController.swift */; };
		06FB3C2326528B6E0049013C /* WeatherCastViewController.xib in Resources */ = {isa = PBXBuildFile; fileRef = 06FB3C2126528B6E0049013C /* WeatherCastViewController.xib */; };
		06FB3C2626528B8B0049013C /* NewsViewController.swift in Sources */ = {isa = PBXBuildFile; fileRef = 06FB3C2426528B8B0049013C /* NewsViewController.swift */; };
		06FB3C2726528B8B0049013C /* NewsViewController.xib in Resources */ = {isa = PBXBuildFile; fileRef = 06FB3C2526528B8B0049013C /* NewsViewController.xib */; };
		06FB3C29265293670049013C /* CardView.swift in Sources */ = {isa = PBXBuildFile; fileRef = 06FB3C28265293670049013C /* CardView.swift */; };
		06FB3C342652E0050049013C /* WeatherCellTableViewCell.swift in Sources */ = {isa = PBXBuildFile; fileRef = 06FB3C322652E0050049013C /* WeatherCellTableViewCell.swift */; };
		06FB3C352652E0050049013C /* WeatherCellTableViewCell.xib in Resources */ = {isa = PBXBuildFile; fileRef = 06FB3C332652E0050049013C /* WeatherCellTableViewCell.xib */; };
/* End PBXBuildFile section */

/* Begin PBXFileReference section */
		061CA54D2653879000524573 /* WeatherResponse.swift */ = {isa = PBXFileReference; lastKnownFileType = sourcecode.swift; path = WeatherResponse.swift; sourceTree = "<group>"; };
		061CA5502654DB0200524573 /* HourlyCollectionViewCell.swift */ = {isa = PBXFileReference; lastKnownFileType = sourcecode.swift; path = HourlyCollectionViewCell.swift; sourceTree = "<group>"; };
		061CA5512654DB0200524573 /* HourlyCollectionViewCell.xib */ = {isa = PBXFileReference; lastKnownFileType = file.xib; path = HourlyCollectionViewCell.xib; sourceTree = "<group>"; };
		06FB3C0326525B560049013C /* weatherAndNews.app */ = {isa = PBXFileReference; explicitFileType = wrapper.application; includeInIndex = 0; path = weatherAndNews.app; sourceTree = BUILT_PRODUCTS_DIR; };
		06FB3C0626525B560049013C /* AppDelegate.swift */ = {isa = PBXFileReference; lastKnownFileType = sourcecode.swift; path = AppDelegate.swift; sourceTree = "<group>"; };
		06FB3C0826525B560049013C /* SceneDelegate.swift */ = {isa = PBXFileReference; lastKnownFileType = sourcecode.swift; path = SceneDelegate.swift; sourceTree = "<group>"; };
		06FB3C0A26525B560049013C /* ViewController.swift */ = {isa = PBXFileReference; lastKnownFileType = sourcecode.swift; path = ViewController.swift; sourceTree = "<group>"; };
		06FB3C0D26525B560049013C /* Base */ = {isa = PBXFileReference; lastKnownFileType = file.storyboard; name = Base; path = Base.lproj/Main.storyboard; sourceTree = "<group>"; };
		06FB3C0F26525B5E0049013C /* Assets.xcassets */ = {isa = PBXFileReference; lastKnownFileType = folder.assetcatalog; path = Assets.xcassets; sourceTree = "<group>"; };
		06FB3C1226525B5E0049013C /* Base */ = {isa = PBXFileReference; lastKnownFileType = file.storyboard; name = Base; path = Base.lproj/LaunchScreen.storyboard; sourceTree = "<group>"; };
		06FB3C1426525B5E0049013C /* Info.plist */ = {isa = PBXFileReference; lastKnownFileType = text.plist.xml; path = Info.plist; sourceTree = "<group>"; };
		06FB3C1A2652605C0049013C /* constants.swift */ = {isa = PBXFileReference; lastKnownFileType = sourcecode.swift; path = constants.swift; sourceTree = "<group>"; };
		06FB3C2026528B6E0049013C /* WeatherCastViewController.swift */ = {isa = PBXFileReference; lastKnownFileType = sourcecode.swift; path = WeatherCastViewController.swift; sourceTree = "<group>"; };
		06FB3C2126528B6E0049013C /* WeatherCastViewController.xib */ = {isa = PBXFileReference; lastKnownFileType = file.xib; path = WeatherCastViewController.xib; sourceTree = "<group>"; };
		06FB3C2426528B8B0049013C /* NewsViewController.swift */ = {isa = PBXFileReference; lastKnownFileType = sourcecode.swift; path = NewsViewController.swift; sourceTree = "<group>"; };
		06FB3C2526528B8B0049013C /* NewsViewController.xib */ = {isa = PBXFileReference; lastKnownFileType = file.xib; path = NewsViewController.xib; sourceTree = "<group>"; };
		06FB3C28265293670049013C /* CardView.swift */ = {isa = PBXFileReference; lastKnownFileType = sourcecode.swift; path = CardView.swift; sourceTree = "<group>"; };
		06FB3C322652E0050049013C /* WeatherCellTableViewCell.swift */ = {isa = PBXFileReference; lastKnownFileType = sourcecode.swift; path = WeatherCellTableViewCell.swift; sourceTree = "<group>"; };
		06FB3C332652E0050049013C /* WeatherCellTableViewCell.xib */ = {isa = PBXFileReference; lastKnownFileType = file.xib; path = WeatherCellTableViewCell.xib; sourceTree = "<group>"; };
/* End PBXFileReference section */

/* Begin PBXFrameworksBuildPhase section */
		06FB3C0026525B560049013C /* Frameworks */ = {
			isa = PBXFrameworksBuildPhase;
			buildActionMask = 2147483647;
			files = (
			);
			runOnlyForDeploymentPostprocessing = 0;
		};
/* End PBXFrameworksBuildPhase section */

/* Begin PBXGroup section */
		061CA54F2654DAD000524573 /* HourlyCollectionView */ = {
			isa = PBXGroup;
			children = (
				061CA5502654DB0200524573 /* HourlyCollectionViewCell.swift */,
				061CA5512654DB0200524573 /* HourlyCollectionViewCell.xib */,
			);
			path = HourlyCollectionView;
			sourceTree = "<group>";
		};
		06FB3BFA26525B560049013C = {
			isa = PBXGroup;
			children = (
				06FB3C0526525B560049013C /* weatherAndNews */,
				06FB3C0426525B560049013C /* Products */,
			);
			sourceTree = "<group>";
		};
		06FB3C0426525B560049013C /* Products */ = {
			isa = PBXGroup;
			children = (
				06FB3C0326525B560049013C /* weatherAndNews.app */,
			);
			name = Products;
			sourceTree = "<group>";
		};
		06FB3C0526525B560049013C /* weatherAndNews */ = {
			isa = PBXGroup;
			children = (
				06FB3C302652DF800049013C /* WeatherCastViewController */,
				06FB3C0626525B560049013C /* AppDelegate.swift */,
				06FB3C0826525B560049013C /* SceneDelegate.swift */,
				06FB3C0A26525B560049013C /* ViewController.swift */,
				061CA54D2653879000524573 /* WeatherResponse.swift */,
				06FB3C2E2652DF540049013C /* NewsViewController */,
				06FB3C28265293670049013C /* CardView.swift */,
				06FB3C0C26525B560049013C /* Main.storyboard */,
				06FB3C1A2652605C0049013C /* constants.swift */,
				06FB3C0F26525B5E0049013C /* Assets.xcassets */,
				06FB3C1126525B5E0049013C /* LaunchScreen.storyboard */,
				06FB3C1426525B5E0049013C /* Info.plist */,
			);
			path = weatherAndNews;
			sourceTree = "<group>";
		};
		06FB3C2E2652DF540049013C /* NewsViewController */ = {
			isa = PBXGroup;
			children = (
				06FB3C2426528B8B0049013C /* NewsViewController.swift */,
				06FB3C2526528B8B0049013C /* NewsViewController.xib */,
			);
			path = NewsViewController;
			sourceTree = "<group>";
		};
		06FB3C302652DF800049013C /* WeatherCastViewController */ = {
			isa = PBXGroup;
			children = (
				061CA54F2654DAD000524573 /* HourlyCollectionView */,
				06FB3C312652DFCD0049013C /* WeatherCell */,
				06FB3C2126528B6E0049013C /* WeatherCastViewController.xib */,
				06FB3C2026528B6E0049013C /* WeatherCastViewController.swift */,
			);
			path = WeatherCastViewController;
			sourceTree = "<group>";
		};
		06FB3C312652DFCD0049013C /* WeatherCell */ = {
			isa = PBXGroup;
			children = (
				06FB3C322652E0050049013C /* WeatherCellTableViewCell.swift */,
				06FB3C332652E0050049013C /* WeatherCellTableViewCell.xib */,
			);
			path = WeatherCell;
			sourceTree = "<group>";
		};
/* End PBXGroup section */

/* Begin PBXNativeTarget section */
		06FB3C0226525B560049013C /* weatherAndNews */ = {
			isa = PBXNativeTarget;
			buildConfigurationList = 06FB3C1726525B5E0049013C /* Build configuration list for PBXNativeTarget "weatherAndNews" */;
			buildPhases = (
				06FB3BFF26525B560049013C /* Sources */,
				06FB3C0026525B560049013C /* Frameworks */,
				06FB3C0126525B560049013C /* Resources */,
			);
			buildRules = (
			);
			dependencies = (
			);
			name = weatherAndNews;
			productName = weatherAndNews;
			productReference = 06FB3C0326525B560049013C /* weatherAndNews.app */;
			productType = "com.apple.product-type.application";
		};
/* End PBXNativeTarget section */

/* Begin PBXProject section */
		06FB3BFB26525B560049013C /* Project object */ = {
			isa = PBXProject;
			attributes = {
				LastSwiftUpdateCheck = 1250;
				LastUpgradeCheck = 1250;
				TargetAttributes = {
					06FB3C0226525B560049013C = {
						CreatedOnToolsVersion = 12.5;
					};
				};
			};
			buildConfigurationList = 06FB3BFE26525B560049013C /* Build configuration list for PBXProject "weatherAndNews" */;
			compatibilityVersion = "Xcode 9.3";
			developmentRegion = en;
			hasScannedForEncodings = 0;
			knownRegions = (
				en,
				Base,
			);
			mainGroup = 06FB3BFA26525B560049013C;
			productRefGroup = 06FB3C0426525B560049013C /* Products */;
			projectDirPath = "";
			projectRoot = "";
			targets = (
				06FB3C0226525B560049013C /* weatherAndNews */,
			);
		};
/* End PBXProject section */

/* Begin PBXResourcesBuildPhase section */
		06FB3C0126525B560049013C /* Resources */ = {
			isa = PBXResourcesBuildPhase;
			buildActionMask = 2147483647;
			files = (
				06FB3C352652E0050049013C /* WeatherCellTableViewCell.xib in Resources */,
				06FB3C2326528B6E0049013C /* WeatherCastViewController.xib in Resources */,
				06FB3C1326525B5E0049013C /* LaunchScreen.storyboard in Resources */,
				06FB3C2726528B8B0049013C /* NewsViewController.xib in Resources */,
				06FB3C1026525B5E0049013C /* Assets.xcassets in Resources */,
				06FB3C0E26525B560049013C /* Main.storyboard in Resources */,
				061CA5532654DB0200524573 /* HourlyCollectionViewCell.xib in Resources */,
			);
			runOnlyForDeploymentPostprocessing = 0;
		};
/* End PBXResourcesBuildPhase section */

/* Begin PBXSourcesBuildPhase section */
		06FB3BFF26525B560049013C /* Sources */ = {
			isa = PBXSourcesBuildPhase;
			buildActionMask = 2147483647;
			files = (
				06FB3C29265293670049013C /* CardView.swift in Sources */,
				06FB3C0B26525B560049013C /* ViewController.swift in Sources */,
				061CA5522654DB0200524573 /* HourlyCollectionViewCell.swift in Sources */,
				06FB3C0726525B560049013C /* AppDelegate.swift in Sources */,
				061CA54E2653879000524573 /* WeatherResponse.swift in Sources */,
				06FB3C0926525B560049013C /* SceneDelegate.swift in Sources */,
				06FB3C2626528B8B0049013C /* NewsViewController.swift in Sources */,
				06FB3C342652E0050049013C /* WeatherCellTableViewCell.swift in Sources */,
				06FB3C1B2652605C0049013C /* constants.swift in Sources */,
				06FB3C2226528B6E0049013C /* WeatherCastViewController.swift in Sources */,
			);
			runOnlyForDeploymentPostprocessing = 0;
		};
/* End PBXSourcesBuildPhase section */

/* Begin PBXVariantGroup section */
		06FB3C0C26525B560049013C /* Main.storyboard */ = {
			isa = PBXVariantGroup;
			children = (
				06FB3C0D26525B560049013C /* Base */,
			);
			name = Main.storyboard;
			sourceTree = "<group>";
		};
		06FB3C1126525B5E0049013C /* LaunchScreen.storyboard */ = {
			isa = PBXVariantGroup;
			children = (
				06FB3C1226525B5E0049013C /* Base */,
			);
			name = LaunchScreen.storyboard;
			sourceTree = "<group>";
		};
/* End PBXVariantGroup section */

/* Begin XCBuildConfiguration section */
		06FB3C1526525B5E0049013C /* Debug */ = {
			isa = XCBuildConfiguration;
			buildSettings = {
				ALWAYS_SEARCH_USER_PATHS = NO;
				CLANG_ANALYZER_NONNULL = YES;
				CLANG_ANALYZER_NUMBER_OBJECT_CONVERSION = YES_AGGRESSIVE;
				CLANG_CXX_LANGUAGE_STANDARD = "gnu++14";
				CLANG_CXX_LIBRARY = "libc++";
				CLANG_ENABLE_MODULES = YES;
				CLANG_ENABLE_OBJC_ARC = YES;
				CLANG_ENABLE_OBJC_WEAK = YES;
				CLANG_WARN_BLOCK_CAPTURE_AUTORELEASING = YES;
				CLANG_WARN_BOOL_CONVERSION = YES;
				CLANG_WARN_COMMA = YES;
				CLANG_WARN_CONSTANT_CONVERSION = YES;
				CLANG_WARN_DEPRECATED_OBJC_IMPLEMENTATIONS = YES;
				CLANG_WARN_DIRECT_OBJC_ISA_USAGE = YES_ERROR;
				CLANG_WARN_DOCUMENTATION_COMMENTS = YES;
				CLANG_WARN_EMPTY_BODY = YES;
				CLANG_WARN_ENUM_CONVERSION = YES;
				CLANG_WARN_INFINITE_RECURSION = YES;
				CLANG_WARN_INT_CONVERSION = YES;
				CLANG_WARN_NON_LITERAL_NULL_CONVERSION = YES;
				CLANG_WARN_OBJC_IMPLICIT_RETAIN_SELF = YES;
				CLANG_WARN_OBJC_LITERAL_CONVERSION = YES;
				CLANG_WARN_OBJC_ROOT_CLASS = YES_ERROR;
				CLANG_WARN_QUOTED_INCLUDE_IN_FRAMEWORK_HEADER = YES;
				CLANG_WARN_RANGE_LOOP_ANALYSIS = YES;
				CLANG_WARN_STRICT_PROTOTYPES = YES;
				CLANG_WARN_SUSPICIOUS_MOVE = YES;
				CLANG_WARN_UNGUARDED_AVAILABILITY = YES_AGGRESSIVE;
				CLANG_WARN_UNREACHABLE_CODE = YES;
				CLANG_WARN__DUPLICATE_METHOD_MATCH = YES;
				COPY_PHASE_STRIP = NO;
				DEBUG_INFORMATION_FORMAT = dwarf;
				ENABLE_STRICT_OBJC_MSGSEND = YES;
				ENABLE_TESTABILITY = YES;
				GCC_C_LANGUAGE_STANDARD = gnu11;
				GCC_DYNAMIC_NO_PIC = NO;
				GCC_NO_COMMON_BLOCKS = YES;
				GCC_OPTIMIZATION_LEVEL = 0;
				GCC_PREPROCESSOR_DEFINITIONS = (
					"DEBUG=1",
					"$(inherited)",
				);
				GCC_WARN_64_TO_32_BIT_CONVERSION = YES;
				GCC_WARN_ABOUT_RETURN_TYPE = YES_ERROR;
				GCC_WARN_UNDECLARED_SELECTOR = YES;
				GCC_WARN_UNINITIALIZED_AUTOS = YES_AGGRESSIVE;
				GCC_WARN_UNUSED_FUNCTION = YES;
				GCC_WARN_UNUSED_VARIABLE = YES;
				IPHONEOS_DEPLOYMENT_TARGET = 14.5;
				MTL_ENABLE_DEBUG_INFO = INCLUDE_SOURCE;
				MTL_FAST_MATH = YES;
				ONLY_ACTIVE_ARCH = YES;
				SDKROOT = iphoneos;
				SWIFT_ACTIVE_COMPILATION_CONDITIONS = DEBUG;
				SWIFT_OPTIMIZATION_LEVEL = "-Onone";
			};
			name = Debug;
		};
		06FB3C1626525B5E0049013C /* Release */ = {
			isa = XCBuildConfiguration;
			buildSettings = {
				ALWAYS_SEARCH_USER_PATHS = NO;
				CLANG_ANALYZER_NONNULL = YES;
				CLANG_ANALYZER_NUMBER_OBJECT_CONVERSION = YES_AGGRESSIVE;
				CLANG_CXX_LANGUAGE_STANDARD = "gnu++14";
				CLANG_CXX_LIBRARY = "libc++";
				CLANG_ENABLE_MODULES = YES;
				CLANG_ENABLE_OBJC_ARC = YES;
				CLANG_ENABLE_OBJC_WEAK = YES;
				CLANG_WARN_BLOCK_CAPTURE_AUTORELEASING = YES;
				CLANG_WARN_BOOL_CONVERSION = YES;
				CLANG_WARN_COMMA = YES;
				CLANG_WARN_CONSTANT_CONVERSION = YES;
				CLANG_WARN_DEPRECATED_OBJC_IMPLEMENTATIONS = YES;
				CLANG_WARN_DIRECT_OBJC_ISA_USAGE = YES_ERROR;
				CLANG_WARN_DOCUMENTATION_COMMENTS = YES;
				CLANG_WARN_EMPTY_BODY = YES;
				CLANG_WARN_ENUM_CONVERSION = YES;
				CLANG_WARN_INFINITE_RECURSION = YES;
				CLANG_WARN_INT_CONVERSION = YES;
				CLANG_WARN_NON_LITERAL_NULL_CONVERSION = YES;
				CLANG_WARN_OBJC_IMPLICIT_RETAIN_SELF = YES;
				CLANG_WARN_OBJC_LITERAL_CONVERSION = YES;
				CLANG_WARN_OBJC_ROOT_CLASS = YES_ERROR;
				CLANG_WARN_QUOTED_INCLUDE_IN_FRAMEWORK_HEADER = YES;
				CLANG_WARN_RANGE_LOOP_ANALYSIS = YES;
				CLANG_WARN_STRICT_PROTOTYPES = YES;
				CLANG_WARN_SUSPICIOUS_MOVE = YES;
				CLANG_WARN_UNGUARDED_AVAILABILITY = YES_AGGRESSIVE;
				CLANG_WARN_UNREACHABLE_CODE = YES;
				CLANG_WARN__DUPLICATE_METHOD_MATCH = YES;
				COPY_PHASE_STRIP = NO;
				DEBUG_INFORMATION_FORMAT = "dwarf-with-dsym";
				ENABLE_NS_ASSERTIONS = NO;
				ENABLE_STRICT_OBJC_MSGSEND = YES;
				GCC_C_LANGUAGE_STANDARD = gnu11;
				GCC_NO_COMMON_BLOCKS = YES;
				GCC_WARN_64_TO_32_BIT_CONVERSION = YES;
				GCC_WARN_ABOUT_RETURN_TYPE = YES_ERROR;
				GCC_WARN_UNDECLARED_SELECTOR = YES;
				GCC_WARN_UNINITIALIZED_AUTOS = YES_AGGRESSIVE;
				GCC_WARN_UNUSED_FUNCTION = YES;
				GCC_WARN_UNUSED_VARIABLE = YES;
				IPHONEOS_DEPLOYMENT_TARGET = 14.5;
				MTL_ENABLE_DEBUG_INFO = NO;
				MTL_FAST_MATH = YES;
				SDKROOT = iphoneos;
				SWIFT_COMPILATION_MODE = wholemodule;
				SWIFT_OPTIMIZATION_LEVEL = "-O";
				VALIDATE_PRODUCT = YES;
			};
			name = Release;
		};
		06FB3C1826525B5E0049013C /* Debug */ = {
			isa = XCBuildConfiguration;
			buildSettings = {
				ASSETCATALOG_COMPILER_APPICON_NAME = AppIcon;
				ASSETCATALOG_COMPILER_GLOBAL_ACCENT_COLOR_NAME = AccentColor;
				CODE_SIGN_STYLE = Automatic;
				DEVELOPMENT_TEAM = 47FV2ATYKX;
				INFOPLIST_FILE = weatherAndNews/Info.plist;
				LD_RUNPATH_SEARCH_PATHS = (
					"$(inherited)",
					"@executable_path/Frameworks",
				);
				PRODUCT_BUNDLE_IDENTIFIER = zoho.weatherAndNews;
				PRODUCT_NAME = "$(TARGET_NAME)";
				SWIFT_VERSION = 5.0;
				TARGETED_DEVICE_FAMILY = "1,2";
			};
			name = Debug;
		};
		06FB3C1926525B5E0049013C /* Release */ = {
			isa = XCBuildConfiguration;
			buildSettings = {
				ASSETCATALOG_COMPILER_APPICON_NAME = AppIcon;
				ASSETCATALOG_COMPILER_GLOBAL_ACCENT_COLOR_NAME = AccentColor;
				CODE_SIGN_STYLE = Automatic;
				DEVELOPMENT_TEAM = 47FV2ATYKX;
				INFOPLIST_FILE = weatherAndNews/Info.plist;
				LD_RUNPATH_SEARCH_PATHS = (
					"$(inherited)",
					"@executable_path/Frameworks",
				);
				PRODUCT_BUNDLE_IDENTIFIER = zoho.weatherAndNews;
				PRODUCT_NAME = "$(TARGET_NAME)";
				SWIFT_VERSION = 5.0;
				TARGETED_DEVICE_FAMILY = "1,2";
			};
			name = Release;
		};
/* End XCBuildConfiguration section */

/* Begin XCConfigurationList section */
		06FB3BFE26525B560049013C /* Build configuration list for PBXProject "weatherAndNews" */ = {
			isa = XCConfigurationList;
			buildConfigurations = (
				06FB3C1526525B5E0049013C /* Debug */,
				06FB3C1626525B5E0049013C /* Release */,
			);
			defaultConfigurationIsVisible = 0;
			defaultConfigurationName = Release;
		};
		06FB3C1726525B5E0049013C /* Build configuration list for PBXNativeTarget "weatherAndNews" */ = {
			isa = XCConfigurationList;
			buildConfigurations = (
				06FB3C1826525B5E0049013C /* Debug */,
				06FB3C1926525B5E0049013C /* Release */,
			);
			defaultConfigurationIsVisible = 0;
			defaultConfigurationName = Release;
		};
/* End XCConfigurationList section */
	};
	rootObject = 06FB3BFB26525B560049013C /* Project object */;
}
